
Microsoft Visual Studio Solution File, Format Version 12.00
Project("{FAE04EC0-301F-11D3-BF4B-00C04F79EFBC}") = "SortingEngine", "SortingEngine\SortingEngine.csproj", "{E7D49031-37A6-4427-A09C-8BF1B8890838}"
EndProject
Project("{FAE04EC0-301F-11D3-BF4B-00C04F79EFBC}") = "LogsHub", "LogsHub\LogsHub.csproj", "{33C34743-5C58-4AA8-BA1C-1C4DFC716449}"
EndProject
Project("{FAE04EC0-301F-11D3-BF4B-00C04F79EFBC}") = "Infrastructure", "Infrastructure\Infrastructure.csproj", "{9B024015-DFCF-4DAA-A8B9-F4024227DB4D}"
EndProject
Project("{FAE04EC0-301F-11D3-BF4B-00C04F79EFBC}") = "ConsoleWrapper", "ConsoleWrapper\ConsoleWrapper.csproj", "{EA07207B-B0B5-447E-BA32-8783A35B2FC3}"
EndProject
Project("{2150E333-8FDC-42A3-9474-1A3956D46DE8}") = "Tests", "Tests", "{E0B86CD7-20A3-485F-9236-CA18890C3040}"
EndProject
Project("{FAE04EC0-301F-11D3-BF4B-00C04F79EFBC}") = "SortingEngineTests", "Tests\SortingEngineTests\SortingEngineTests.csproj", "{9CF51AA2-3F93-4350-BDDB-8BBADE11F4D4}"
EndProject
Project("{2150E333-8FDC-42A3-9474-1A3956D46DE8}") = "Benchmarks", "Benchmarks", "{FF597956-F061-40D9-9DB2-7223325F3033}"
EndProject
Project("{FAE04EC0-301F-11D3-BF4B-00C04F79EFBC}") = "SimpleBenchmarks", "Benchmarks\SimpleBenchmarks\SimpleBenchmarks.csproj", "{12CE7E23-3576-4DB2-94E5-F78397E98CB2}"
EndProject
Project("{2150E333-8FDC-42A3-9474-1A3956D46DE8}") = "FileCreationApp", "FileCreationApp", "{BAEA795F-501E-47FF-AA91-AD3AE405D285}"
EndProject
Project("{FAE04EC0-301F-11D3-BF4B-00C04F79EFBC}") = "FileCreator", "FileCreationApp\FileCreator\FileCreator.csproj", "{23EDC0B3-2199-4F38-A94D-E514558BC6D2}"
EndProject
Project("{FAE04EC0-301F-11D3-BF4B-00C04F79EFBC}") = "FileCreatorTests", "FileCreationApp\FileCreatorTests\FileCreatorTests.csproj", "{23EBD5B3-88B4-48FF-A0E1-1E5DD0B26380}"
EndProject
Global
	GlobalSection(SolutionConfigurationPlatforms) = preSolution
		Debug|Any CPU = Debug|Any CPU
		Release|Any CPU = Release|Any CPU
	EndGlobalSection
	GlobalSection(ProjectConfigurationPlatforms) = postSolution
		{40E54C8F-5FEE-49C0-80B1-9757E1B0FEDB}.Debug|Any CPU.ActiveCfg = Debug|Any CPU
		{40E54C8F-5FEE-49C0-80B1-9757E1B0FEDB}.Debug|Any CPU.Build.0 = Debug|Any CPU
		{40E54C8F-5FEE-49C0-80B1-9757E1B0FEDB}.Release|Any CPU.ActiveCfg = Release|Any CPU
		{40E54C8F-5FEE-49C0-80B1-9757E1B0FEDB}.Release|Any CPU.Build.0 = Release|Any CPU
		{E7D49031-37A6-4427-A09C-8BF1B8890838}.Debug|Any CPU.ActiveCfg = Debug|Any CPU
		{E7D49031-37A6-4427-A09C-8BF1B8890838}.Debug|Any CPU.Build.0 = Debug|Any CPU
		{E7D49031-37A6-4427-A09C-8BF1B8890838}.Release|Any CPU.ActiveCfg = Release|Any CPU
		{E7D49031-37A6-4427-A09C-8BF1B8890838}.Release|Any CPU.Build.0 = Release|Any CPU
		{33C34743-5C58-4AA8-BA1C-1C4DFC716449}.Debug|Any CPU.ActiveCfg = Debug|Any CPU
		{33C34743-5C58-4AA8-BA1C-1C4DFC716449}.Debug|Any CPU.Build.0 = Debug|Any CPU
		{33C34743-5C58-4AA8-BA1C-1C4DFC716449}.Release|Any CPU.ActiveCfg = Release|Any CPU
		{33C34743-5C58-4AA8-BA1C-1C4DFC716449}.Release|Any CPU.Build.0 = Release|Any CPU
		{9B024015-DFCF-4DAA-A8B9-F4024227DB4D}.Debug|Any CPU.ActiveCfg = Debug|Any CPU
		{9B024015-DFCF-4DAA-A8B9-F4024227DB4D}.Debug|Any CPU.Build.0 = Debug|Any CPU
		{9B024015-DFCF-4DAA-A8B9-F4024227DB4D}.Release|Any CPU.ActiveCfg = Release|Any CPU
		{9B024015-DFCF-4DAA-A8B9-F4024227DB4D}.Release|Any CPU.Build.0 = Release|Any CPU
		{EA07207B-B0B5-447E-BA32-8783A35B2FC3}.Debug|Any CPU.ActiveCfg = Debug|Any CPU
		{EA07207B-B0B5-447E-BA32-8783A35B2FC3}.Debug|Any CPU.Build.0 = Debug|Any CPU
		{EA07207B-B0B5-447E-BA32-8783A35B2FC3}.Release|Any CPU.ActiveCfg = Release|Any CPU
		{EA07207B-B0B5-447E-BA32-8783A35B2FC3}.Release|Any CPU.Build.0 = Release|Any CPU
		{9CF51AA2-3F93-4350-BDDB-8BBADE11F4D4}.Debug|Any CPU.ActiveCfg = Debug|Any CPU
		{9CF51AA2-3F93-4350-BDDB-8BBADE11F4D4}.Debug|Any CPU.Build.0 = Debug|Any CPU
		{9CF51AA2-3F93-4350-BDDB-8BBADE11F4D4}.Release|Any CPU.ActiveCfg = Release|Any CPU
		{9CF51AA2-3F93-4350-BDDB-8BBADE11F4D4}.Release|Any CPU.Build.0 = Release|Any CPU
		{12CE7E23-3576-4DB2-94E5-F78397E98CB2}.Debug|Any CPU.ActiveCfg = Debug|Any CPU
		{12CE7E23-3576-4DB2-94E5-F78397E98CB2}.Debug|Any CPU.Build.0 = Debug|Any CPU
		{12CE7E23-3576-4DB2-94E5-F78397E98CB2}.Release|Any CPU.ActiveCfg = Release|Any CPU
		{12CE7E23-3576-4DB2-94E5-F78397E98CB2}.Release|Any CPU.Build.0 = Release|Any CPU
		{23EDC0B3-2199-4F38-A94D-E514558BC6D2}.Debug|Any CPU.ActiveCfg = Debug|Any CPU
		{23EDC0B3-2199-4F38-A94D-E514558BC6D2}.Debug|Any CPU.Build.0 = Debug|Any CPU
		{23EDC0B3-2199-4F38-A94D-E514558BC6D2}.Release|Any CPU.ActiveCfg = Release|Any CPU
		{23EDC0B3-2199-4F38-A94D-E514558BC6D2}.Release|Any CPU.Build.0 = Release|Any CPU
		{23EBD5B3-88B4-48FF-A0E1-1E5DD0B26380}.Debug|Any CPU.ActiveCfg = Debug|Any CPU
		{23EBD5B3-88B4-48FF-A0E1-1E5DD0B26380}.Debug|Any CPU.Build.0 = Debug|Any CPU
		{23EBD5B3-88B4-48FF-A0E1-1E5DD0B26380}.Release|Any CPU.ActiveCfg = Release|Any CPU
		{23EBD5B3-88B4-48FF-A0E1-1E5DD0B26380}.Release|Any CPU.Build.0 = Release|Any CPU
	EndGlobalSection
	GlobalSection(NestedProjects) = preSolution
		{9CF51AA2-3F93-4350-BDDB-8BBADE11F4D4} = {E0B86CD7-20A3-485F-9236-CA18890C3040}
		{12CE7E23-3576-4DB2-94E5-F78397E98CB2} = {FF597956-F061-40D9-9DB2-7223325F3033}
		{23EDC0B3-2199-4F38-A94D-E514558BC6D2} = {BAEA795F-501E-47FF-AA91-AD3AE405D285}
		{23EBD5B3-88B4-48FF-A0E1-1E5DD0B26380} = {BAEA795F-501E-47FF-AA91-AD3AE405D285}
	EndGlobalSection
EndGlobal
